{
  "nodes": {
    "nixCats": {
      "locked": {
        "lastModified": 1745981676,
        "narHash": "sha256-KGkNQbZaX+1KKBjUoltOby36+rH2CPNLFpm1blZ5Li4=",
        "owner": "BirdeeHub",
        "repo": "nixCats-nvim",
        "rev": "a4b78fc624b31b68536cdead4699c27bcb9e655a",
        "type": "github"
      },
      "original": {
        "owner": "BirdeeHub",
        "repo": "nixCats-nvim",
        "type": "github"
      }
    },
    "nixpkgs": {
      "locked": {
        "lastModified": 1746232882,
        "narHash": "sha256-MHmBH2rS8KkRRdoU/feC/dKbdlMkcNkB5mwkuipVHeQ=",
        "owner": "NixOS",
        "repo": "nixpkgs",
        "rev": "7a2622e2c0dbad5c4493cb268aba12896e28b008",
        "type": "github"
      },
      "original": {
        "id": "nixpkgs",
        "ref": "nixos-unstable",
        "type": "indirect"
      }
    },
    "plugins-evergarden": {
      "flake": false,
      "locked": {
        "lastModified": 1745594024,
        "narHash": "sha256-CiRiZRmD7tuy/fNQwYJohiS1KSL+7ihTm29cMHunUWE=",
        "owner": "everviolet",
        "repo": "nvim",
        "rev": "de538e9aac1358872c118e0d7bc45462fc8205c8",
        "type": "github"
      },
      "original": {
        "owner": "everviolet",
        "repo": "nvim",
        "type": "github"
      }
    },
    "root": {
      "inputs": {
        "nixCats": "nixCats",
        "nixpkgs": "nixpkgs",
        "plugins-evergarden": "plugins-evergarden"
      }
    }
  },
  "root": "root",
  "version": 7
}
