{
  "nodes": {
    "nixCats": {
      "locked": {
        "lastModified": 1748760778,
        "narHash": "sha256-i0xBOGCDtrJ29sIelwbSATUJK4AP6McPMxBA0dthK0o=",
        "owner": "BirdeeHub",
        "repo": "nixCats-nvim",
        "rev": "88cde33af841e2aa1ea0c83c4d9dcfefdde54fb3",
        "type": "github"
      },
      "original": {
        "owner": "BirdeeHub",
        "repo": "nixCats-nvim",
        "type": "github"
      }
    },
    "nixpkgs": {
      "locked": {
        "lastModified": 1749143949,
        "narHash": "sha256-QuUtALJpVrPnPeozlUG/y+oIMSLdptHxb3GK6cpSVhA=",
        "owner": "NixOS",
        "repo": "nixpkgs",
        "rev": "d3d2d80a2191a73d1e86456a751b83aa13085d7d",
        "type": "github"
      },
      "original": {
        "id": "nixpkgs",
        "ref": "nixos-unstable",
        "type": "indirect"
      }
    },
    "plugins-spaceduck": {
      "flake": false,
      "locked": {
        "lastModified": 1703864850,
        "narHash": "sha256-5xkjUd84w9Wc2it1Hc9OlqmZxRk4yAaJcmaSjO9actg=",
        "owner": "spaceduck-theme",
        "repo": "nvim",
        "rev": "f476d6804114d04295ecad83979c7b3946b08010",
        "type": "github"
      },
      "original": {
        "owner": "spaceduck-theme",
        "repo": "nvim",
        "type": "github"
      }
    },
    "root": {
      "inputs": {
        "nixCats": "nixCats",
        "nixpkgs": "nixpkgs",
        "plugins-spaceduck": "plugins-spaceduck"
      }
    }
  },
  "root": "root",
  "version": 7
}
